
Microsoft Visual Studio Solution File, Format Version 12.00
# Visual Studio Version 17
VisualStudioVersion = 17.2.32602.215
MinimumVisualStudioVersion = 10.0.40219.1
Project("{FAE04EC0-301F-11D3-BF4B-00C04F79EFBC}") = "ContactsApp.View", "ContactsApp.View\ContactsApp.View.csproj", "{D81413D2-9049-4E98-9CE0-993310CEBBC0}"
EndProject
Project("{FAE04EC0-301F-11D3-BF4B-00C04F79EFBC}") = "ContactsApp.Model", "ContactsApp.Model\ContactsApp.Model.csproj", "{ADD59414-C205-470D-8904-0A26AC640093}"
EndProject
Project("{FAE04EC0-301F-11D3-BF4B-00C04F79EFBC}") = "ContactsApp.Model.UnitTests", "Testing\ContactsApp.Model.UnitTests\ContactsApp.Model.UnitTests.csproj", "{116F0075-ECF7-4FBB-859B-2340C972C20E}"
EndProject
Global
	GlobalSection(SolutionConfigurationPlatforms) = preSolution
		Debug|Any CPU = Debug|Any CPU
		Release|Any CPU = Release|Any CPU
	EndGlobalSection
	GlobalSection(ProjectConfigurationPlatforms) = postSolution
		{D81413D2-9049-4E98-9CE0-993310CEBBC0}.Debug|Any CPU.ActiveCfg = Debug|Any CPU
		{D81413D2-9049-4E98-9CE0-993310CEBBC0}.Debug|Any CPU.Build.0 = Debug|Any CPU
		{D81413D2-9049-4E98-9CE0-993310CEBBC0}.Release|Any CPU.ActiveCfg = Release|Any CPU
		{D81413D2-9049-4E98-9CE0-993310CEBBC0}.Release|Any CPU.Build.0 = Release|Any CPU
		{ADD59414-C205-470D-8904-0A26AC640093}.Debug|Any CPU.ActiveCfg = Debug|Any CPU
		{ADD59414-C205-470D-8904-0A26AC640093}.Debug|Any CPU.Build.0 = Debug|Any CPU
		{ADD59414-C205-470D-8904-0A26AC640093}.Release|Any CPU.ActiveCfg = Release|Any CPU
		{ADD59414-C205-470D-8904-0A26AC640093}.Release|Any CPU.Build.0 = Release|Any CPU
		{116F0075-ECF7-4FBB-859B-2340C972C20E}.Debug|Any CPU.ActiveCfg = Debug|Any CPU
		{116F0075-ECF7-4FBB-859B-2340C972C20E}.Debug|Any CPU.Build.0 = Debug|Any CPU
		{116F0075-ECF7-4FBB-859B-2340C972C20E}.Release|Any CPU.ActiveCfg = Release|Any CPU
		{116F0075-ECF7-4FBB-859B-2340C972C20E}.Release|Any CPU.Build.0 = Release|Any CPU
	EndGlobalSection
	GlobalSection(SolutionProperties) = preSolution
		HideSolutionNode = FALSE
	EndGlobalSection
	GlobalSection(ExtensibilityGlobals) = postSolution
		SolutionGuid = {F34406A9-9497-4992-951A-9282955CF0D5}
	EndGlobalSection
EndGlobal
